// !$*UTF8*$!
{
	archiveVersion = 1;
	classes = {
	};
	objectVersion = 50;
	objects = {

/* Begin PBXBuildFile section */
		3708DA6D24DA946900C34479 /* AppDelegate.swift in Sources */ = {isa = PBXBuildFile; fileRef = 3708DA6C24DA946900C34479 /* AppDelegate.swift */; };
		3708DA6F24DA946900C34479 /* SceneDelegate.swift in Sources */ = {isa = PBXBuildFile; fileRef = 3708DA6E24DA946900C34479 /* SceneDelegate.swift */; };
		3708DA7124DA946900C34479 /* ContentView.swift in Sources */ = {isa = PBXBuildFile; fileRef = 3708DA7024DA946900C34479 /* ContentView.swift */; };
		3708DA7324DA946A00C34479 /* Assets.xcassets in Resources */ = {isa = PBXBuildFile; fileRef = 3708DA7224DA946A00C34479 /* Assets.xcassets */; };
		3708DA7624DA946A00C34479 /* Preview Assets.xcassets in Resources */ = {isa = PBXBuildFile; fileRef = 3708DA7524DA946A00C34479 /* Preview Assets.xcassets */; };
		3708DA7924DA946A00C34479 /* LaunchScreen.storyboard in Resources */ = {isa = PBXBuildFile; fileRef = 3708DA7724DA946A00C34479 /* LaunchScreen.storyboard */; };
		3708DA8724DA947A00C34479 /* WidgetKit.framework in Frameworks */ = {isa = PBXBuildFile; fileRef = 3708DA8624DA947A00C34479 /* WidgetKit.framework */; };
		3708DA8924DA947A00C34479 /* SwiftUI.framework in Frameworks */ = {isa = PBXBuildFile; fileRef = 3708DA8824DA947A00C34479 /* SwiftUI.framework */; };
		3708DA8C24DA947A00C34479 /* MainWidget.swift in Sources */ = {isa = PBXBuildFile; fileRef = 3708DA8B24DA947A00C34479 /* MainWidget.swift */; };
		3708DA8F24DA947B00C34479 /* Assets.xcassets in Resources */ = {isa = PBXBuildFile; fileRef = 3708DA8E24DA947B00C34479 /* Assets.xcassets */; };
		3708DA9124DA947B00C34479 /* MainWidget.intentdefinition in Sources */ = {isa = PBXBuildFile; fileRef = 3708DA8D24DA947A00C34479 /* MainWidget.intentdefinition */; };
		3708DA9224DA947B00C34479 /* MainWidget.intentdefinition in Sources */ = {isa = PBXBuildFile; fileRef = 3708DA8D24DA947A00C34479 /* MainWidget.intentdefinition */; };
		3708DA9524DA947B00C34479 /* MainWidgetExtension.appex in Embed App Extensions */ = {isa = PBXBuildFile; fileRef = 3708DA8424DA947A00C34479 /* MainWidgetExtension.appex */; settings = {ATTRIBUTES = (RemoveHeadersOnCopy, ); }; };
		3708DA9C24DACC5000C34479 /* ExchangeRate.swift in Sources */ = {isa = PBXBuildFile; fileRef = 3708DA9B24DACC5000C34479 /* ExchangeRate.swift */; };
		3708DA9D24DACE3100C34479 /* ExchangeRate.swift in Sources */ = {isa = PBXBuildFile; fileRef = 3708DA9B24DACC5000C34479 /* ExchangeRate.swift */; };
		37E4F32724DD8750008FC29A /* Dictionary.swift in Sources */ = {isa = PBXBuildFile; fileRef = 37E4F32624DD8750008FC29A /* Dictionary.swift */; };
		37E4F32924DD8A85008FC29A /* DataProvider.swift in Sources */ = {isa = PBXBuildFile; fileRef = 37F3BFC024DC2BFC00D74364 /* DataProvider.swift */; };
		37E4F32A24DD8A8A008FC29A /* Dictionary.swift in Sources */ = {isa = PBXBuildFile; fileRef = 37E4F32624DD8750008FC29A /* Dictionary.swift */; };
		37F3BF7224DBEB1600D74364 /* CurrencyCellView.swift in Sources */ = {isa = PBXBuildFile; fileRef = 37F3BF7024DBEB1600D74364 /* CurrencyCellView.swift */; };
		37F3BFBD24DC2B9000D74364 /* ExchangeRateModel.swift in Sources */ = {isa = PBXBuildFile; fileRef = 37F3BFBC24DC2B9000D74364 /* ExchangeRateModel.swift */; };
		37F3BFBE24DC2B9000D74364 /* ExchangeRateModel.swift in Sources */ = {isa = PBXBuildFile; fileRef = 37F3BFBC24DC2B9000D74364 /* ExchangeRateModel.swift */; };
		37F3BFC224DC2BFC00D74364 /* DataProvider.swift in Sources */ = {isa = PBXBuildFile; fileRef = 37F3BFC024DC2BFC00D74364 /* DataProvider.swift */; };
		37F3BFC524DC2E9000D74364 /* ExchangeRateLoader.swift in Sources */ = {isa = PBXBuildFile; fileRef = 37F3BFC424DC2E9000D74364 /* ExchangeRateLoader.swift */; };
		37F3BFC624DC2E9000D74364 /* ExchangeRateLoader.swift in Sources */ = {isa = PBXBuildFile; fileRef = 37F3BFC424DC2E9000D74364 /* ExchangeRateLoader.swift */; };
/* End PBXBuildFile section */

/* Begin PBXContainerItemProxy section */
		3708DA9324DA947B00C34479 /* PBXContainerItemProxy */ = {
			isa = PBXContainerItemProxy;
			containerPortal = 3708DA6124DA946900C34479 /* Project object */;
			proxyType = 1;
			remoteGlobalIDString = 3708DA8324DA947A00C34479;
			remoteInfo = MainWidgetExtension;
		};
/* End PBXContainerItemProxy section */

/* Begin PBXCopyFilesBuildPhase section */
		3708DA9924DA947B00C34479 /* Embed App Extensions */ = {
			isa = PBXCopyFilesBuildPhase;
			buildActionMask = 2147483647;
			dstPath = "";
			dstSubfolderSpec = 13;
			files = (
				3708DA9524DA947B00C34479 /* MainWidgetExtension.appex in Embed App Extensions */,
			);
			name = "Embed App Extensions";
			runOnlyForDeploymentPostprocessing = 0;
		};
/* End PBXCopyFilesBuildPhase section */

/* Begin PBXFileReference section */
		3708DA6924DA946900C34479 /* WidgetApp_1.app */ = {isa = PBXFileReference; explicitFileType = wrapper.application; includeInIndex = 0; path = WidgetApp_1.app; sourceTree = BUILT_PRODUCTS_DIR; };
		3708DA6C24DA946900C34479 /* AppDelegate.swift */ = {isa = PBXFileReference; lastKnownFileType = sourcecode.swift; path = AppDelegate.swift; sourceTree = "<group>"; };
		3708DA6E24DA946900C34479 /* SceneDelegate.swift */ = {isa = PBXFileReference; lastKnownFileType = sourcecode.swift; path = SceneDelegate.swift; sourceTree = "<group>"; };
		3708DA7024DA946900C34479 /* ContentView.swift */ = {isa = PBXFileReference; lastKnownFileType = sourcecode.swift; path = ContentView.swift; sourceTree = "<group>"; };
		3708DA7224DA946A00C34479 /* Assets.xcassets */ = {isa = PBXFileReference; lastKnownFileType = folder.assetcatalog; path = Assets.xcassets; sourceTree = "<group>"; };
		3708DA7524DA946A00C34479 /* Preview Assets.xcassets */ = {isa = PBXFileReference; lastKnownFileType = folder.assetcatalog; path = "Preview Assets.xcassets"; sourceTree = "<group>"; };
		3708DA7824DA946A00C34479 /* Base */ = {isa = PBXFileReference; lastKnownFileType = file.storyboard; name = Base; path = Base.lproj/LaunchScreen.storyboard; sourceTree = "<group>"; };
		3708DA7A24DA946A00C34479 /* Info.plist */ = {isa = PBXFileReference; lastKnownFileType = text.plist.xml; path = Info.plist; sourceTree = "<group>"; };
		3708DA8424DA947A00C34479 /* MainWidgetExtension.appex */ = {isa = PBXFileReference; explicitFileType = "wrapper.app-extension"; includeInIndex = 0; path = MainWidgetExtension.appex; sourceTree = BUILT_PRODUCTS_DIR; };
		3708DA8624DA947A00C34479 /* WidgetKit.framework */ = {isa = PBXFileReference; lastKnownFileType = wrapper.framework; name = WidgetKit.framework; path = System/Library/Frameworks/WidgetKit.framework; sourceTree = SDKROOT; };
		3708DA8824DA947A00C34479 /* SwiftUI.framework */ = {isa = PBXFileReference; lastKnownFileType = wrapper.framework; name = SwiftUI.framework; path = System/Library/Frameworks/SwiftUI.framework; sourceTree = SDKROOT; };
		3708DA8B24DA947A00C34479 /* MainWidget.swift */ = {isa = PBXFileReference; lastKnownFileType = sourcecode.swift; path = MainWidget.swift; sourceTree = "<group>"; };
		3708DA8D24DA947A00C34479 /* MainWidget.intentdefinition */ = {isa = PBXFileReference; lastKnownFileType = file.intentdefinition; path = MainWidget.intentdefinition; sourceTree = "<group>"; };
		3708DA8E24DA947B00C34479 /* Assets.xcassets */ = {isa = PBXFileReference; lastKnownFileType = folder.assetcatalog; path = Assets.xcassets; sourceTree = "<group>"; };
		3708DA9024DA947B00C34479 /* Info.plist */ = {isa = PBXFileReference; lastKnownFileType = text.plist.xml; path = Info.plist; sourceTree = "<group>"; };
		3708DA9B24DACC5000C34479 /* ExchangeRate.swift */ = {isa = PBXFileReference; lastKnownFileType = sourcecode.swift; path = ExchangeRate.swift; sourceTree = "<group>"; };
		37E4F32624DD8750008FC29A /* Dictionary.swift */ = {isa = PBXFileReference; lastKnownFileType = sourcecode.swift; path = Dictionary.swift; sourceTree = "<group>"; };
		37F3BF7024DBEB1600D74364 /* CurrencyCellView.swift */ = {isa = PBXFileReference; lastKnownFileType = sourcecode.swift; path = CurrencyCellView.swift; sourceTree = "<group>"; };
		37F3BFBC24DC2B9000D74364 /* ExchangeRateModel.swift */ = {isa = PBXFileReference; lastKnownFileType = sourcecode.swift; path = ExchangeRateModel.swift; sourceTree = "<group>"; };
		37F3BFC024DC2BFC00D74364 /* DataProvider.swift */ = {isa = PBXFileReference; lastKnownFileType = sourcecode.swift; path = DataProvider.swift; sourceTree = "<group>"; };
		37F3BFC424DC2E9000D74364 /* ExchangeRateLoader.swift */ = {isa = PBXFileReference; lastKnownFileType = sourcecode.swift; path = ExchangeRateLoader.swift; sourceTree = "<group>"; };
/* End PBXFileReference section */

/* Begin PBXFrameworksBuildPhase section */
		3708DA6624DA946900C34479 /* Frameworks */ = {
			isa = PBXFrameworksBuildPhase;
			buildActionMask = 2147483647;
			files = (
			);
			runOnlyForDeploymentPostprocessing = 0;
		};
		3708DA8124DA947A00C34479 /* Frameworks */ = {
			isa = PBXFrameworksBuildPhase;
			buildActionMask = 2147483647;
			files = (
				3708DA8924DA947A00C34479 /* SwiftUI.framework in Frameworks */,
				3708DA8724DA947A00C34479 /* WidgetKit.framework in Frameworks */,
			);
			runOnlyForDeploymentPostprocessing = 0;
		};
/* End PBXFrameworksBuildPhase section */

/* Begin PBXGroup section */
		3708DA6024DA946900C34479 = {
			isa = PBXGroup;
			children = (
				3708DA6B24DA946900C34479 /* WidgetApp_1 */,
				3708DA8A24DA947A00C34479 /* MainWidget */,
				3708DA8524DA947A00C34479 /* Frameworks */,
				3708DA6A24DA946900C34479 /* Products */,
			);
			sourceTree = "<group>";
		};
		3708DA6A24DA946900C34479 /* Products */ = {
			isa = PBXGroup;
			children = (
				3708DA6924DA946900C34479 /* WidgetApp_1.app */,
				3708DA8424DA947A00C34479 /* MainWidgetExtension.appex */,
			);
			name = Products;
			sourceTree = "<group>";
		};
		3708DA6B24DA946900C34479 /* WidgetApp_1 */ = {
			isa = PBXGroup;
			children = (
				37F3BFC324DC2E2600D74364 /* Services */,
				3708DAA224DAD24D00C34479 /* ViewModels */,
				3708DA9A24DACC3200C34479 /* Models */,
				3708DA6C24DA946900C34479 /* AppDelegate.swift */,
				3708DA6E24DA946900C34479 /* SceneDelegate.swift */,
				3708DA7024DA946900C34479 /* ContentView.swift */,
				3708DA7224DA946A00C34479 /* Assets.xcassets */,
				3708DA7724DA946A00C34479 /* LaunchScreen.storyboard */,
				3708DA7A24DA946A00C34479 /* Info.plist */,
				3708DA7424DA946A00C34479 /* Preview Content */,
			);
			path = WidgetApp_1;
			sourceTree = "<group>";
		};
		3708DA7424DA946A00C34479 /* Preview Content */ = {
			isa = PBXGroup;
			children = (
				3708DA7524DA946A00C34479 /* Preview Assets.xcassets */,
			);
			path = "Preview Content";
			sourceTree = "<group>";
		};
		3708DA8524DA947A00C34479 /* Frameworks */ = {
			isa = PBXGroup;
			children = (
				3708DA8624DA947A00C34479 /* WidgetKit.framework */,
				3708DA8824DA947A00C34479 /* SwiftUI.framework */,
			);
			name = Frameworks;
			sourceTree = "<group>";
		};
		3708DA8A24DA947A00C34479 /* MainWidget */ = {
			isa = PBXGroup;
			children = (
				37F3BFBB24DC2B6B00D74364 /* WidgetModel */,
				3708DA8B24DA947A00C34479 /* MainWidget.swift */,
				37F3BF7024DBEB1600D74364 /* CurrencyCellView.swift */,
				37F3BFC024DC2BFC00D74364 /* DataProvider.swift */,
				3708DA8D24DA947A00C34479 /* MainWidget.intentdefinition */,
				3708DA8E24DA947B00C34479 /* Assets.xcassets */,
				3708DA9024DA947B00C34479 /* Info.plist */,
				37E4F32624DD8750008FC29A /* Dictionary.swift */,
			);
			path = MainWidget;
			sourceTree = "<group>";
		};
		3708DA9A24DACC3200C34479 /* Models */ = {
			isa = PBXGroup;
			children = (
				3708DA9B24DACC5000C34479 /* ExchangeRate.swift */,
			);
			path = Models;
			sourceTree = "<group>";
		};
		3708DAA224DAD24D00C34479 /* ViewModels */ = {
			isa = PBXGroup;
			children = (
			);
			path = ViewModels;
			sourceTree = "<group>";
		};
		37F3BFBB24DC2B6B00D74364 /* WidgetModel */ = {
			isa = PBXGroup;
			children = (
				37F3BFBC24DC2B9000D74364 /* ExchangeRateModel.swift */,
			);
			path = WidgetModel;
			sourceTree = "<group>";
		};
		37F3BFC324DC2E2600D74364 /* Services */ = {
			isa = PBXGroup;
			children = (
				37F3BFC424DC2E9000D74364 /* ExchangeRateLoader.swift */,
			);
			path = Services;
			sourceTree = "<group>";
		};
/* End PBXGroup section */

/* Begin PBXNativeTarget section */
		3708DA6824DA946900C34479 /* WidgetApp_1 */ = {
			isa = PBXNativeTarget;
			buildConfigurationList = 3708DA7D24DA946A00C34479 /* Build configuration list for PBXNativeTarget "WidgetApp_1" */;
			buildPhases = (
				3708DA6524DA946900C34479 /* Sources */,
				3708DA6624DA946900C34479 /* Frameworks */,
				3708DA6724DA946900C34479 /* Resources */,
				3708DA9924DA947B00C34479 /* Embed App Extensions */,
			);
			buildRules = (
			);
			dependencies = (
				3708DA9424DA947B00C34479 /* PBXTargetDependency */,
			);
			name = WidgetApp_1;
			productName = WidgetApp_1;
			productReference = 3708DA6924DA946900C34479 /* WidgetApp_1.app */;
			productType = "com.apple.product-type.application";
		};
		3708DA8324DA947A00C34479 /* MainWidgetExtension */ = {
			isa = PBXNativeTarget;
			buildConfigurationList = 3708DA9624DA947B00C34479 /* Build configuration list for PBXNativeTarget "MainWidgetExtension" */;
			buildPhases = (
				3708DA8024DA947A00C34479 /* Sources */,
				3708DA8124DA947A00C34479 /* Frameworks */,
				3708DA8224DA947A00C34479 /* Resources */,
			);
			buildRules = (
			);
			dependencies = (
			);
			name = MainWidgetExtension;
			productName = MainWidgetExtension;
			productReference = 3708DA8424DA947A00C34479 /* MainWidgetExtension.appex */;
			productType = "com.apple.product-type.app-extension";
		};
/* End PBXNativeTarget section */

/* Begin PBXProject section */
		3708DA6124DA946900C34479 /* Project object */ = {
			isa = PBXProject;
			attributes = {
				LastSwiftUpdateCheck = 1200;
				LastUpgradeCheck = 1200;
				TargetAttributes = {
					3708DA6824DA946900C34479 = {
						CreatedOnToolsVersion = 12.0;
					};
					3708DA8324DA947A00C34479 = {
						CreatedOnToolsVersion = 12.0;
					};
				};
			};
			buildConfigurationList = 3708DA6424DA946900C34479 /* Build configuration list for PBXProject "WidgetApp_1" */;
			compatibilityVersion = "Xcode 9.3";
			developmentRegion = en;
			hasScannedForEncodings = 0;
			knownRegions = (
				en,
				Base,
			);
			mainGroup = 3708DA6024DA946900C34479;
			productRefGroup = 3708DA6A24DA946900C34479 /* Products */;
			projectDirPath = "";
			projectRoot = "";
			targets = (
				3708DA6824DA946900C34479 /* WidgetApp_1 */,
				3708DA8324DA947A00C34479 /* MainWidgetExtension */,
			);
		};
/* End PBXProject section */

/* Begin PBXResourcesBuildPhase section */
		3708DA6724DA946900C34479 /* Resources */ = {
			isa = PBXResourcesBuildPhase;
			buildActionMask = 2147483647;
			files = (
				3708DA7924DA946A00C34479 /* LaunchScreen.storyboard in Resources */,
				3708DA7624DA946A00C34479 /* Preview Assets.xcassets in Resources */,
				3708DA7324DA946A00C34479 /* Assets.xcassets in Resources */,
			);
			runOnlyForDeploymentPostprocessing = 0;
		};
		3708DA8224DA947A00C34479 /* Resources */ = {
			isa = PBXResourcesBuildPhase;
			buildActionMask = 2147483647;
			files = (
				3708DA8F24DA947B00C34479 /* Assets.xcassets in Resources */,
			);
			runOnlyForDeploymentPostprocessing = 0;
		};
/* End PBXResourcesBuildPhase section */

/* Begin PBXSourcesBuildPhase section */
		3708DA6524DA946900C34479 /* Sources */ = {
			isa = PBXSourcesBuildPhase;
			buildActionMask = 2147483647;
			files = (
				3708DA6D24DA946900C34479 /* AppDelegate.swift in Sources */,
				37E4F32A24DD8A8A008FC29A /* Dictionary.swift in Sources */,
				37F3BFC524DC2E9000D74364 /* ExchangeRateLoader.swift in Sources */,
				3708DA9C24DACC5000C34479 /* ExchangeRate.swift in Sources */,
				37F3BFBD24DC2B9000D74364 /* ExchangeRateModel.swift in Sources */,
				3708DA9224DA947B00C34479 /* MainWidget.intentdefinition in Sources */,
				37E4F32924DD8A85008FC29A /* DataProvider.swift in Sources */,
				3708DA6F24DA946900C34479 /* SceneDelegate.swift in Sources */,
				3708DA7124DA946900C34479 /* ContentView.swift in Sources */,
			);
			runOnlyForDeploymentPostprocessing = 0;
		};
		3708DA8024DA947A00C34479 /* Sources */ = {
			isa = PBXSourcesBuildPhase;
			buildActionMask = 2147483647;
			files = (
				3708DA8C24DA947A00C34479 /* MainWidget.swift in Sources */,
				37F3BFC224DC2BFC00D74364 /* DataProvider.swift in Sources */,
				37F3BFBE24DC2B9000D74364 /* ExchangeRateModel.swift in Sources */,
				3708DA9D24DACE3100C34479 /* ExchangeRate.swift in Sources */,
				37E4F32724DD8750008FC29A /* Dictionary.swift in Sources */,
				3708DA9124DA947B00C34479 /* MainWidget.intentdefinition in Sources */,
				37F3BFC624DC2E9000D74364 /* ExchangeRateLoader.swift in Sources */,
				37F3BF7224DBEB1600D74364 /* CurrencyCellView.swift in Sources */,
			);
			runOnlyForDeploymentPostprocessing = 0;
		};
/* End PBXSourcesBuildPhase section */

/* Begin PBXTargetDependency section */
		3708DA9424DA947B00C34479 /* PBXTargetDependency */ = {
			isa = PBXTargetDependency;
			target = 3708DA8324DA947A00C34479 /* MainWidgetExtension */;
			targetProxy = 3708DA9324DA947B00C34479 /* PBXContainerItemProxy */;
		};
/* End PBXTargetDependency section */

/* Begin PBXVariantGroup section */
		3708DA7724DA946A00C34479 /* LaunchScreen.storyboard */ = {
			isa = PBXVariantGroup;
			children = (
				3708DA7824DA946A00C34479 /* Base */,
			);
			name = LaunchScreen.storyboard;
			sourceTree = "<group>";
		};
/* End PBXVariantGroup section */

/* Begin XCBuildConfiguration section */
		3708DA7B24DA946A00C34479 /* Debug */ = {
			isa = XCBuildConfiguration;
			buildSettings = {
				ALWAYS_SEARCH_USER_PATHS = NO;
				CLANG_ANALYZER_NONNULL = YES;
				CLANG_ANALYZER_NUMBER_OBJECT_CONVERSION = YES_AGGRESSIVE;
				CLANG_CXX_LANGUAGE_STANDARD = "gnu++14";
				CLANG_CXX_LIBRARY = "libc++";
				CLANG_ENABLE_MODULES = YES;
				CLANG_ENABLE_OBJC_ARC = YES;
				CLANG_ENABLE_OBJC_WEAK = YES;
				CLANG_WARN_BLOCK_CAPTURE_AUTORELEASING = YES;
				CLANG_WARN_BOOL_CONVERSION = YES;
				CLANG_WARN_COMMA = YES;
				CLANG_WARN_CONSTANT_CONVERSION = YES;
				CLANG_WARN_DEPRECATED_OBJC_IMPLEMENTATIONS = YES;
				CLANG_WARN_DIRECT_OBJC_ISA_USAGE = YES_ERROR;
				CLANG_WARN_DOCUMENTATION_COMMENTS = YES;
				CLANG_WARN_EMPTY_BODY = YES;
				CLANG_WARN_ENUM_CONVERSION = YES;
				CLANG_WARN_INFINITE_RECURSION = YES;
				CLANG_WARN_INT_CONVERSION = YES;
				CLANG_WARN_NON_LITERAL_NULL_CONVERSION = YES;
				CLANG_WARN_OBJC_IMPLICIT_RETAIN_SELF = YES;
				CLANG_WARN_OBJC_LITERAL_CONVERSION = YES;
				CLANG_WARN_OBJC_ROOT_CLASS = YES_ERROR;
				CLANG_WARN_QUOTED_INCLUDE_IN_FRAMEWORK_HEADER = YES;
				CLANG_WARN_RANGE_LOOP_ANALYSIS = YES;
				CLANG_WARN_STRICT_PROTOTYPES = YES;
				CLANG_WARN_SUSPICIOUS_MOVE = YES;
				CLANG_WARN_UNGUARDED_AVAILABILITY = YES_AGGRESSIVE;
				CLANG_WARN_UNREACHABLE_CODE = YES;
				CLANG_WARN__DUPLICATE_METHOD_MATCH = YES;
				COPY_PHASE_STRIP = NO;
				DEBUG_INFORMATION_FORMAT = dwarf;
				ENABLE_STRICT_OBJC_MSGSEND = YES;
				ENABLE_TESTABILITY = YES;
				GCC_C_LANGUAGE_STANDARD = gnu11;
				GCC_DYNAMIC_NO_PIC = NO;
				GCC_NO_COMMON_BLOCKS = YES;
				GCC_OPTIMIZATION_LEVEL = 0;
				GCC_PREPROCESSOR_DEFINITIONS = (
					"DEBUG=1",
					"$(inherited)",
				);
				GCC_WARN_64_TO_32_BIT_CONVERSION = YES;
				GCC_WARN_ABOUT_RETURN_TYPE = YES_ERROR;
				GCC_WARN_UNDECLARED_SELECTOR = YES;
				GCC_WARN_UNINITIALIZED_AUTOS = YES_AGGRESSIVE;
				GCC_WARN_UNUSED_FUNCTION = YES;
				GCC_WARN_UNUSED_VARIABLE = YES;
				IPHONEOS_DEPLOYMENT_TARGET = 14.0;
				MTL_ENABLE_DEBUG_INFO = INCLUDE_SOURCE;
				MTL_FAST_MATH = YES;
				ONLY_ACTIVE_ARCH = YES;
				SDKROOT = iphoneos;
				SWIFT_ACTIVE_COMPILATION_CONDITIONS = DEBUG;
				SWIFT_OPTIMIZATION_LEVEL = "-Onone";
			};
			name = Debug;
		};
		3708DA7C24DA946A00C34479 /* Release */ = {
			isa = XCBuildConfiguration;
			buildSettings = {
				ALWAYS_SEARCH_USER_PATHS = NO;
				CLANG_ANALYZER_NONNULL = YES;
				CLANG_ANALYZER_NUMBER_OBJECT_CONVERSION = YES_AGGRESSIVE;
				CLANG_CXX_LANGUAGE_STANDARD = "gnu++14";
				CLANG_CXX_LIBRARY = "libc++";
				CLANG_ENABLE_MODULES = YES;
				CLANG_ENABLE_OBJC_ARC = YES;
				CLANG_ENABLE_OBJC_WEAK = YES;
				CLANG_WARN_BLOCK_CAPTURE_AUTORELEASING = YES;
				CLANG_WARN_BOOL_CONVERSION = YES;
				CLANG_WARN_COMMA = YES;
				CLANG_WARN_CONSTANT_CONVERSION = YES;
				CLANG_WARN_DEPRECATED_OBJC_IMPLEMENTATIONS = YES;
				CLANG_WARN_DIRECT_OBJC_ISA_USAGE = YES_ERROR;
				CLANG_WARN_DOCUMENTATION_COMMENTS = YES;
				CLANG_WARN_EMPTY_BODY = YES;
				CLANG_WARN_ENUM_CONVERSION = YES;
				CLANG_WARN_INFINITE_RECURSION = YES;
				CLANG_WARN_INT_CONVERSION = YES;
				CLANG_WARN_NON_LITERAL_NULL_CONVERSION = YES;
				CLANG_WARN_OBJC_IMPLICIT_RETAIN_SELF = YES;
				CLANG_WARN_OBJC_LITERAL_CONVERSION = YES;
				CLANG_WARN_OBJC_ROOT_CLASS = YES_ERROR;
				CLANG_WARN_QUOTED_INCLUDE_IN_FRAMEWORK_HEADER = YES;
				CLANG_WARN_RANGE_LOOP_ANALYSIS = YES;
				CLANG_WARN_STRICT_PROTOTYPES = YES;
				CLANG_WARN_SUSPICIOUS_MOVE = YES;
				CLANG_WARN_UNGUARDED_AVAILABILITY = YES_AGGRESSIVE;
				CLANG_WARN_UNREACHABLE_CODE = YES;
				CLANG_WARN__DUPLICATE_METHOD_MATCH = YES;
				COPY_PHASE_STRIP = NO;
				DEBUG_INFORMATION_FORMAT = "dwarf-with-dsym";
				ENABLE_NS_ASSERTIONS = NO;
				ENABLE_STRICT_OBJC_MSGSEND = YES;
				GCC_C_LANGUAGE_STANDARD = gnu11;
				GCC_NO_COMMON_BLOCKS = YES;
				GCC_WARN_64_TO_32_BIT_CONVERSION = YES;
				GCC_WARN_ABOUT_RETURN_TYPE = YES_ERROR;
				GCC_WARN_UNDECLARED_SELECTOR = YES;
				GCC_WARN_UNINITIALIZED_AUTOS = YES_AGGRESSIVE;
				GCC_WARN_UNUSED_FUNCTION = YES;
				GCC_WARN_UNUSED_VARIABLE = YES;
				IPHONEOS_DEPLOYMENT_TARGET = 14.0;
				MTL_ENABLE_DEBUG_INFO = NO;
				MTL_FAST_MATH = YES;
				SDKROOT = iphoneos;
				SWIFT_COMPILATION_MODE = wholemodule;
				SWIFT_OPTIMIZATION_LEVEL = "-O";
				VALIDATE_PRODUCT = YES;
			};
			name = Release;
		};
		3708DA7E24DA946A00C34479 /* Debug */ = {
			isa = XCBuildConfiguration;
			buildSettings = {
				ALWAYS_EMBED_SWIFT_STANDARD_LIBRARIES = YES;
				ASSETCATALOG_COMPILER_APPICON_NAME = AppIcon;
				ASSETCATALOG_COMPILER_GLOBAL_ACCENT_COLOR_NAME = AccentColor;
				CODE_SIGN_STYLE = Automatic;
				DEVELOPMENT_ASSET_PATHS = "\"WidgetApp_1/Preview Content\"";
				DEVELOPMENT_TEAM = 2493DF6K24;
				ENABLE_PREVIEWS = YES;
				INFOPLIST_FILE = WidgetApp_1/Info.plist;
				LD_RUNPATH_SEARCH_PATHS = (
					"$(inherited)",
					"@executable_path/Frameworks",
				);
				PRODUCT_BUNDLE_IDENTIFIER = "Eminus.WidgetApp-1";
				PRODUCT_NAME = "$(TARGET_NAME)";
				SWIFT_VERSION = 5.0;
				TARGETED_DEVICE_FAMILY = "1,2";
			};
			name = Debug;
		};
		3708DA7F24DA946A00C34479 /* Release */ = {
			isa = XCBuildConfiguration;
			buildSettings = {
				ALWAYS_EMBED_SWIFT_STANDARD_LIBRARIES = YES;
				ASSETCATALOG_COMPILER_APPICON_NAME = AppIcon;
				ASSETCATALOG_COMPILER_GLOBAL_ACCENT_COLOR_NAME = AccentColor;
				CODE_SIGN_STYLE = Automatic;
				DEVELOPMENT_ASSET_PATHS = "\"WidgetApp_1/Preview Content\"";
				DEVELOPMENT_TEAM = 2493DF6K24;
				ENABLE_PREVIEWS = YES;
				INFOPLIST_FILE = WidgetApp_1/Info.plist;
				LD_RUNPATH_SEARCH_PATHS = (
					"$(inherited)",
					"@executable_path/Frameworks",
				);
				PRODUCT_BUNDLE_IDENTIFIER = "Eminus.WidgetApp-1";
				PRODUCT_NAME = "$(TARGET_NAME)";
				SWIFT_VERSION = 5.0;
				TARGETED_DEVICE_FAMILY = "1,2";
			};
			name = Release;
		};
		3708DA9724DA947B00C34479 /* Debug */ = {
			isa = XCBuildConfiguration;
			buildSettings = {
				ASSETCATALOG_COMPILER_GLOBAL_ACCENT_COLOR_NAME = AccentColor;
				ASSETCATALOG_COMPILER_WIDGET_BACKGROUND_COLOR_NAME = WidgetBackground;
				CODE_SIGN_STYLE = Automatic;
				DEVELOPMENT_TEAM = 2493DF6K24;
				INFOPLIST_FILE = MainWidget/Info.plist;
				LD_RUNPATH_SEARCH_PATHS = (
					"$(inherited)",
					"@executable_path/Frameworks",
					"@executable_path/../../Frameworks",
				);
				PRODUCT_BUNDLE_IDENTIFIER = "Eminus.WidgetApp-1.MainWidget";
				PRODUCT_NAME = "$(TARGET_NAME)";
				SKIP_INSTALL = YES;
				SWIFT_VERSION = 5.0;
				TARGETED_DEVICE_FAMILY = "1,2";
			};
			name = Debug;
		};
		3708DA9824DA947B00C34479 /* Release */ = {
			isa = XCBuildConfiguration;
			buildSettings = {
				ASSETCATALOG_COMPILER_GLOBAL_ACCENT_COLOR_NAME = AccentColor;
				ASSETCATALOG_COMPILER_WIDGET_BACKGROUND_COLOR_NAME = WidgetBackground;
				CODE_SIGN_STYLE = Automatic;
				DEVELOPMENT_TEAM = 2493DF6K24;
				INFOPLIST_FILE = MainWidget/Info.plist;
				LD_RUNPATH_SEARCH_PATHS = (
					"$(inherited)",
					"@executable_path/Frameworks",
					"@executable_path/../../Frameworks",
				);
				PRODUCT_BUNDLE_IDENTIFIER = "Eminus.WidgetApp-1.MainWidget";
				PRODUCT_NAME = "$(TARGET_NAME)";
				SKIP_INSTALL = YES;
				SWIFT_VERSION = 5.0;
				TARGETED_DEVICE_FAMILY = "1,2";
			};
			name = Release;
		};
/* End XCBuildConfiguration section */

/* Begin XCConfigurationList section */
		3708DA6424DA946900C34479 /* Build configuration list for PBXProject "WidgetApp_1" */ = {
			isa = XCConfigurationList;
			buildConfigurations = (
				3708DA7B24DA946A00C34479 /* Debug */,
				3708DA7C24DA946A00C34479 /* Release */,
			);
			defaultConfigurationIsVisible = 0;
			defaultConfigurationName = Release;
		};
		3708DA7D24DA946A00C34479 /* Build configuration list for PBXNativeTarget "WidgetApp_1" */ = {
			isa = XCConfigurationList;
			buildConfigurations = (
				3708DA7E24DA946A00C34479 /* Debug */,
				3708DA7F24DA946A00C34479 /* Release */,
			);
			defaultConfigurationIsVisible = 0;
			defaultConfigurationName = Release;
		};
		3708DA9624DA947B00C34479 /* Build configuration list for PBXNativeTarget "MainWidgetExtension" */ = {
			isa = XCConfigurationList;
			buildConfigurations = (
				3708DA9724DA947B00C34479 /* Debug */,
				3708DA9824DA947B00C34479 /* Release */,
			);
			defaultConfigurationIsVisible = 0;
			defaultConfigurationName = Release;
		};
/* End XCConfigurationList section */
	};
	rootObject = 3708DA6124DA946900C34479 /* Project object */;
}
